
Microsoft Visual Studio Solution File, Format Version 12.00
# Visual Studio 2012
Project("{FAE04EC0-301F-11D3-BF4B-00C04F79EFBC}") = "WebApplication1", "WebApplication1\WebApplication1.csproj", "{A2BFA369-66B1-4D8D-800C-264DA4CD562D}"
EndProject
Project("{FAE04EC0-301F-11D3-BF4B-00C04F79EFBC}") = "Library", "..\..\..\..\icgweb\Library\Library.csproj", "{F6988C29-5FC4-40C2-B467-809A8879A341}"
EndProject
Global
	GlobalSection(SolutionConfigurationPlatforms) = preSolution
		Debug|Any CPU = Debug|Any CPU
		Release|Any CPU = Release|Any CPU
	EndGlobalSection
	GlobalSection(ProjectConfigurationPlatforms) = postSolution
		{A2BFA369-66B1-4D8D-800C-264DA4CD562D}.Debug|Any CPU.ActiveCfg = Debug|Any CPU
		{A2BFA369-66B1-4D8D-800C-264DA4CD562D}.Debug|Any CPU.Build.0 = Debug|Any CPU
		{A2BFA369-66B1-4D8D-800C-264DA4CD562D}.Release|Any CPU.ActiveCfg = Release|Any CPU
		{A2BFA369-66B1-4D8D-800C-264DA4CD562D}.Release|Any CPU.Build.0 = Release|Any CPU
		{F6988C29-5FC4-40C2-B467-809A8879A341}.Debug|Any CPU.ActiveCfg = Debug|Any CPU
		{F6988C29-5FC4-40C2-B467-809A8879A341}.Debug|Any CPU.Build.0 = Debug|Any CPU
		{F6988C29-5FC4-40C2-B467-809A8879A341}.Release|Any CPU.ActiveCfg = Release|Any CPU
		{F6988C29-5FC4-40C2-B467-809A8879A341}.Release|Any CPU.Build.0 = Release|Any CPU
	EndGlobalSection
	GlobalSection(SolutionProperties) = preSolution
		HideSolutionNode = FALSE
	EndGlobalSection
EndGlobal
